// !$*UTF8*$!
{
	archiveVersion = 1;
	classes = {
	};
	objectVersion = 50;
	objects = {

/* Begin PBXBuildFile section */
		5739FBA922C730010078E8DB /* AppDelegate.m in Sources */ = {isa = PBXBuildFile; fileRef = 5739FBA822C730010078E8DB /* AppDelegate.m */; };
		5739FBAC22C730010078E8DB /* SubViewController.m in Sources */ = {isa = PBXBuildFile; fileRef = 5739FBAB22C730010078E8DB /* SubViewController.m */; };
		5739FBAF22C730010078E8DB /* Main.storyboard in Resources */ = {isa = PBXBuildFile; fileRef = 5739FBAD22C730010078E8DB /* Main.storyboard */; };
		5739FBB122C730040078E8DB /* Assets.xcassets in Resources */ = {isa = PBXBuildFile; fileRef = 5739FBB022C730040078E8DB /* Assets.xcassets */; };
		5739FBB422C730040078E8DB /* LaunchScreen.storyboard in Resources */ = {isa = PBXBuildFile; fileRef = 5739FBB222C730040078E8DB /* LaunchScreen.storyboard */; };
		5739FBB722C730040078E8DB /* main.m in Sources */ = {isa = PBXBuildFile; fileRef = 5739FBB622C730040078E8DB /* main.m */; };
		5739FBC222C7323A0078E8DB /* Models.m in Sources */ = {isa = PBXBuildFile; fileRef = 5739FBC122C7323A0078E8DB /* Models.m */; };
		5739FBCE22C75CA80078E8DB /* DataSource.m in Sources */ = {isa = PBXBuildFile; fileRef = 5739FBCD22C75CA80078E8DB /* DataSource.m */; };
/* End PBXBuildFile section */

/* Begin PBXFileReference section */
		5739FBA422C730010078E8DB /* ExpansionView.app */ = {isa = PBXFileReference; explicitFileType = wrapper.application; includeInIndex = 0; path = ExpansionView.app; sourceTree = BUILT_PRODUCTS_DIR; };
		5739FBA722C730010078E8DB /* AppDelegate.h */ = {isa = PBXFileReference; lastKnownFileType = sourcecode.c.h; path = AppDelegate.h; sourceTree = "<group>"; };
		5739FBA822C730010078E8DB /* AppDelegate.m */ = {isa = PBXFileReference; lastKnownFileType = sourcecode.c.objc; path = AppDelegate.m; sourceTree = "<group>"; };
		5739FBAA22C730010078E8DB /* SubViewController.h */ = {isa = PBXFileReference; lastKnownFileType = sourcecode.c.h; path = SubViewController.h; sourceTree = "<group>"; };
		5739FBAB22C730010078E8DB /* SubViewController.m */ = {isa = PBXFileReference; lastKnownFileType = sourcecode.c.objc; path = SubViewController.m; sourceTree = "<group>"; };
		5739FBAE22C730010078E8DB /* Base */ = {isa = PBXFileReference; lastKnownFileType = file.storyboard; name = Base; path = Base.lproj/Main.storyboard; sourceTree = "<group>"; };
		5739FBB022C730040078E8DB /* Assets.xcassets */ = {isa = PBXFileReference; lastKnownFileType = folder.assetcatalog; path = Assets.xcassets; sourceTree = "<group>"; };
		5739FBB322C730040078E8DB /* Base */ = {isa = PBXFileReference; lastKnownFileType = file.storyboard; name = Base; path = Base.lproj/LaunchScreen.storyboard; sourceTree = "<group>"; };
		5739FBB522C730040078E8DB /* Info.plist */ = {isa = PBXFileReference; lastKnownFileType = text.plist.xml; path = Info.plist; sourceTree = "<group>"; };
		5739FBB622C730040078E8DB /* main.m */ = {isa = PBXFileReference; lastKnownFileType = sourcecode.c.objc; path = main.m; sourceTree = "<group>"; };
		5739FBC022C7323A0078E8DB /* Models.h */ = {isa = PBXFileReference; lastKnownFileType = sourcecode.c.h; path = Models.h; sourceTree = "<group>"; };
		5739FBC122C7323A0078E8DB /* Models.m */ = {isa = PBXFileReference; lastKnownFileType = sourcecode.c.objc; path = Models.m; sourceTree = "<group>"; };
		5739FBCC22C75CA80078E8DB /* DataSource.h */ = {isa = PBXFileReference; lastKnownFileType = sourcecode.c.h; path = DataSource.h; sourceTree = "<group>"; };
		5739FBCD22C75CA80078E8DB /* DataSource.m */ = {isa = PBXFileReference; lastKnownFileType = sourcecode.c.objc; path = DataSource.m; sourceTree = "<group>"; };
/* End PBXFileReference section */

/* Begin PBXFrameworksBuildPhase section */
		5739FBA122C730010078E8DB /* Frameworks */ = {
			isa = PBXFrameworksBuildPhase;
			buildActionMask = 2147483647;
			files = (
			);
			runOnlyForDeploymentPostprocessing = 0;
		};
/* End PBXFrameworksBuildPhase section */

/* Begin PBXGroup section */
		5739FB9B22C730010078E8DB = {
			isa = PBXGroup;
			children = (
				5739FBA622C730010078E8DB /* ExpansionView */,
				5739FBA522C730010078E8DB /* Products */,
			);
			sourceTree = "<group>";
		};
		5739FBA522C730010078E8DB /* Products */ = {
			isa = PBXGroup;
			children = (
				5739FBA422C730010078E8DB /* ExpansionView.app */,
			);
			name = Products;
			sourceTree = "<group>";
		};
		5739FBA622C730010078E8DB /* ExpansionView */ = {
			isa = PBXGroup;
			children = (
				5739FBA722C730010078E8DB /* AppDelegate.h */,
				5739FBA822C730010078E8DB /* AppDelegate.m */,
				5739FBBD22C731B90078E8DB /* Model */,
				5739FBBE22C731CB0078E8DB /* Controller */,
				5739FBBF22C731EC0078E8DB /* View */,
				5739FBAD22C730010078E8DB /* Main.storyboard */,
				5739FBB022C730040078E8DB /* Assets.xcassets */,
				5739FBB222C730040078E8DB /* LaunchScreen.storyboard */,
				5739FBB522C730040078E8DB /* Info.plist */,
				5739FBB622C730040078E8DB /* main.m */,
			);
			path = ExpansionView;
			sourceTree = "<group>";
		};
		5739FBBD22C731B90078E8DB /* Model */ = {
			isa = PBXGroup;
			children = (
				5739FBC022C7323A0078E8DB /* Models.h */,
				5739FBC122C7323A0078E8DB /* Models.m */,
			);
			path = Model;
			sourceTree = "<group>";
		};
		5739FBBE22C731CB0078E8DB /* Controller */ = {
			isa = PBXGroup;
			children = (
				5739FBAA22C730010078E8DB /* SubViewController.h */,
				5739FBAB22C730010078E8DB /* SubViewController.m */,
			);
			path = Controller;
			sourceTree = "<group>";
		};
		5739FBBF22C731EC0078E8DB /* View */ = {
			isa = PBXGroup;
			children = (
				5739FBCC22C75CA80078E8DB /* DataSource.h */,
				5739FBCD22C75CA80078E8DB /* DataSource.m */,
			);
			path = View;
			sourceTree = "<group>";
		};
/* End PBXGroup section */

/* Begin PBXNativeTarget section */
		5739FBA322C730010078E8DB /* ExpansionView */ = {
			isa = PBXNativeTarget;
			buildConfigurationList = 5739FBBA22C730040078E8DB /* Build configuration list for PBXNativeTarget "ExpansionView" */;
			buildPhases = (
				5739FBA022C730010078E8DB /* Sources */,
				5739FBA122C730010078E8DB /* Frameworks */,
				5739FBA222C730010078E8DB /* Resources */,
			);
			buildRules = (
			);
			dependencies = (
			);
			name = ExpansionView;
			productName = ExpansionView;
			productReference = 5739FBA422C730010078E8DB /* ExpansionView.app */;
			productType = "com.apple.product-type.application";
		};
/* End PBXNativeTarget section */

/* Begin PBXProject section */
		5739FB9C22C730010078E8DB /* Project object */ = {
			isa = PBXProject;
			attributes = {
				LastUpgradeCheck = 1020;
				ORGANIZATIONNAME = "石場清子";
				TargetAttributes = {
					5739FBA322C730010078E8DB = {
						CreatedOnToolsVersion = 10.2.1;
					};
				};
			};
			buildConfigurationList = 5739FB9F22C730010078E8DB /* Build configuration list for PBXProject "ExpansionView" */;
			compatibilityVersion = "Xcode 9.3";
			developmentRegion = en;
			hasScannedForEncodings = 0;
			knownRegions = (
				en,
				Base,
			);
			mainGroup = 5739FB9B22C730010078E8DB;
			productRefGroup = 5739FBA522C730010078E8DB /* Products */;
			projectDirPath = "";
			projectRoot = "";
			targets = (
				5739FBA322C730010078E8DB /* ExpansionView */,
			);
		};
/* End PBXProject section */

/* Begin PBXResourcesBuildPhase section */
		5739FBA222C730010078E8DB /* Resources */ = {
			isa = PBXResourcesBuildPhase;
			buildActionMask = 2147483647;
			files = (
				5739FBB422C730040078E8DB /* LaunchScreen.storyboard in Resources */,
				5739FBB122C730040078E8DB /* Assets.xcassets in Resources */,
				5739FBAF22C730010078E8DB /* Main.storyboard in Resources */,
			);
			runOnlyForDeploymentPostprocessing = 0;
		};
/* End PBXResourcesBuildPhase section */

/* Begin PBXSourcesBuildPhase section */
		5739FBA022C730010078E8DB /* Sources */ = {
			isa = PBXSourcesBuildPhase;
			buildActionMask = 2147483647;
			files = (
				5739FBCE22C75CA80078E8DB /* DataSource.m in Sources */,
				5739FBAC22C730010078E8DB /* SubViewController.m in Sources */,
				5739FBB722C730040078E8DB /* main.m in Sources */,
				5739FBA922C730010078E8DB /* AppDelegate.m in Sources */,
				5739FBC222C7323A0078E8DB /* Models.m in Sources */,
			);
			runOnlyForDeploymentPostprocessing = 0;
		};
/* End PBXSourcesBuildPhase section */

/* Begin PBXVariantGroup section */
		5739FBAD22C730010078E8DB /* Main.storyboard */ = {
			isa = PBXVariantGroup;
			children = (
				5739FBAE22C730010078E8DB /* Base */,
			);
			name = Main.storyboard;
			sourceTree = "<group>";
		};
		5739FBB222C730040078E8DB /* LaunchScreen.storyboard */ = {
			isa = PBXVariantGroup;
			children = (
				5739FBB322C730040078E8DB /* Base */,
			);
			name = LaunchScreen.storyboard;
			sourceTree = "<group>";
		};
/* End PBXVariantGroup section */

/* Begin XCBuildConfiguration section */
		5739FBB822C730040078E8DB /* Debug */ = {
			isa = XCBuildConfiguration;
			buildSettings = {
				ALWAYS_SEARCH_USER_PATHS = NO;
				CLANG_ANALYZER_NONNULL = YES;
				CLANG_ANALYZER_NUMBER_OBJECT_CONVERSION = YES_AGGRESSIVE;
				CLANG_CXX_LANGUAGE_STANDARD = "gnu++14";
				CLANG_CXX_LIBRARY = "libc++";
				CLANG_ENABLE_MODULES = YES;
				CLANG_ENABLE_OBJC_ARC = YES;
				CLANG_ENABLE_OBJC_WEAK = YES;
				CLANG_WARN_BLOCK_CAPTURE_AUTORELEASING = YES;
				CLANG_WARN_BOOL_CONVERSION = YES;
				CLANG_WARN_COMMA = YES;
				CLANG_WARN_CONSTANT_CONVERSION = YES;
				CLANG_WARN_DEPRECATED_OBJC_IMPLEMENTATIONS = YES;
				CLANG_WARN_DIRECT_OBJC_ISA_USAGE = YES_ERROR;
				CLANG_WARN_DOCUMENTATION_COMMENTS = YES;
				CLANG_WARN_EMPTY_BODY = YES;
				CLANG_WARN_ENUM_CONVERSION = YES;
				CLANG_WARN_INFINITE_RECURSION = YES;
				CLANG_WARN_INT_CONVERSION = YES;
				CLANG_WARN_NON_LITERAL_NULL_CONVERSION = YES;
				CLANG_WARN_OBJC_IMPLICIT_RETAIN_SELF = YES;
				CLANG_WARN_OBJC_LITERAL_CONVERSION = YES;
				CLANG_WARN_OBJC_ROOT_CLASS = YES_ERROR;
				CLANG_WARN_RANGE_LOOP_ANALYSIS = YES;
				CLANG_WARN_STRICT_PROTOTYPES = YES;
				CLANG_WARN_SUSPICIOUS_MOVE = YES;
				CLANG_WARN_UNGUARDED_AVAILABILITY = YES_AGGRESSIVE;
				CLANG_WARN_UNREACHABLE_CODE = YES;
				CLANG_WARN__DUPLICATE_METHOD_MATCH = YES;
				CODE_SIGN_IDENTITY = "iPhone Developer";
				COPY_PHASE_STRIP = NO;
				DEBUG_INFORMATION_FORMAT = dwarf;
				ENABLE_STRICT_OBJC_MSGSEND = YES;
				ENABLE_TESTABILITY = YES;
				GCC_C_LANGUAGE_STANDARD = gnu11;
				GCC_DYNAMIC_NO_PIC = NO;
				GCC_NO_COMMON_BLOCKS = YES;
				GCC_OPTIMIZATION_LEVEL = 0;
				GCC_PREPROCESSOR_DEFINITIONS = (
					"DEBUG=1",
					"$(inherited)",
				);
				GCC_WARN_64_TO_32_BIT_CONVERSION = YES;
				GCC_WARN_ABOUT_RETURN_TYPE = YES_ERROR;
				GCC_WARN_UNDECLARED_SELECTOR = YES;
				GCC_WARN_UNINITIALIZED_AUTOS = YES_AGGRESSIVE;
				GCC_WARN_UNUSED_FUNCTION = YES;
				GCC_WARN_UNUSED_VARIABLE = YES;
				IPHONEOS_DEPLOYMENT_TARGET = 12.2;
				MTL_ENABLE_DEBUG_INFO = INCLUDE_SOURCE;
				MTL_FAST_MATH = YES;
				ONLY_ACTIVE_ARCH = YES;
				SDKROOT = iphoneos;
			};
			name = Debug;
		};
		5739FBB922C730040078E8DB /* Release */ = {
			isa = XCBuildConfiguration;
			buildSettings = {
				ALWAYS_SEARCH_USER_PATHS = NO;
				CLANG_ANALYZER_NONNULL = YES;
				CLANG_ANALYZER_NUMBER_OBJECT_CONVERSION = YES_AGGRESSIVE;
				CLANG_CXX_LANGUAGE_STANDARD = "gnu++14";
				CLANG_CXX_LIBRARY = "libc++";
				CLANG_ENABLE_MODULES = YES;
				CLANG_ENABLE_OBJC_ARC = YES;
				CLANG_ENABLE_OBJC_WEAK = YES;
				CLANG_WARN_BLOCK_CAPTURE_AUTORELEASING = YES;
				CLANG_WARN_BOOL_CONVERSION = YES;
				CLANG_WARN_COMMA = YES;
				CLANG_WARN_CONSTANT_CONVERSION = YES;
				CLANG_WARN_DEPRECATED_OBJC_IMPLEMENTATIONS = YES;
				CLANG_WARN_DIRECT_OBJC_ISA_USAGE = YES_ERROR;
				CLANG_WARN_DOCUMENTATION_COMMENTS = YES;
				CLANG_WARN_EMPTY_BODY = YES;
				CLANG_WARN_ENUM_CONVERSION = YES;
				CLANG_WARN_INFINITE_RECURSION = YES;
				CLANG_WARN_INT_CONVERSION = YES;
				CLANG_WARN_NON_LITERAL_NULL_CONVERSION = YES;
				CLANG_WARN_OBJC_IMPLICIT_RETAIN_SELF = YES;
				CLANG_WARN_OBJC_LITERAL_CONVERSION = YES;
				CLANG_WARN_OBJC_ROOT_CLASS = YES_ERROR;
				CLANG_WARN_RANGE_LOOP_ANALYSIS = YES;
				CLANG_WARN_STRICT_PROTOTYPES = YES;
				CLANG_WARN_SUSPICIOUS_MOVE = YES;
				CLANG_WARN_UNGUARDED_AVAILABILITY = YES_AGGRESSIVE;
				CLANG_WARN_UNREACHABLE_CODE = YES;
				CLANG_WARN__DUPLICATE_METHOD_MATCH = YES;
				CODE_SIGN_IDENTITY = "iPhone Developer";
				COPY_PHASE_STRIP = NO;
				DEBUG_INFORMATION_FORMAT = "dwarf-with-dsym";
				ENABLE_NS_ASSERTIONS = NO;
				ENABLE_STRICT_OBJC_MSGSEND = YES;
				GCC_C_LANGUAGE_STANDARD = gnu11;
				GCC_NO_COMMON_BLOCKS = YES;
				GCC_WARN_64_TO_32_BIT_CONVERSION = YES;
				GCC_WARN_ABOUT_RETURN_TYPE = YES_ERROR;
				GCC_WARN_UNDECLARED_SELECTOR = YES;
				GCC_WARN_UNINITIALIZED_AUTOS = YES_AGGRESSIVE;
				GCC_WARN_UNUSED_FUNCTION = YES;
				GCC_WARN_UNUSED_VARIABLE = YES;
				IPHONEOS_DEPLOYMENT_TARGET = 12.2;
				MTL_ENABLE_DEBUG_INFO = NO;
				MTL_FAST_MATH = YES;
				SDKROOT = iphoneos;
				VALIDATE_PRODUCT = YES;
			};
			name = Release;
		};
		5739FBBB22C730040078E8DB /* Debug */ = {
			isa = XCBuildConfiguration;
			buildSettings = {
				ASSETCATALOG_COMPILER_APPICON_NAME = AppIcon;
				CODE_SIGN_STYLE = Automatic;
				DEVELOPMENT_TEAM = HNMTQS99RG;
				INFOPLIST_FILE = ExpansionView/Info.plist;
				LD_RUNPATH_SEARCH_PATHS = (
					"$(inherited)",
					"@executable_path/Frameworks",
				);
				PRODUCT_BUNDLE_IDENTIFIER = com.seiko.ExpansionView;
				PRODUCT_NAME = "$(TARGET_NAME)";
				TARGETED_DEVICE_FAMILY = "1,2";
			};
			name = Debug;
		};
		5739FBBC22C730040078E8DB /* Release */ = {
			isa = XCBuildConfiguration;
			buildSettings = {
				ASSETCATALOG_COMPILER_APPICON_NAME = AppIcon;
				CODE_SIGN_STYLE = Automatic;
				DEVELOPMENT_TEAM = HNMTQS99RG;
				INFOPLIST_FILE = ExpansionView/Info.plist;
				LD_RUNPATH_SEARCH_PATHS = (
					"$(inherited)",
					"@executable_path/Frameworks",
				);
				PRODUCT_BUNDLE_IDENTIFIER = com.seiko.ExpansionView;
				PRODUCT_NAME = "$(TARGET_NAME)";
				TARGETED_DEVICE_FAMILY = "1,2";
			};
			name = Release;
		};
/* End XCBuildConfiguration section */

/* Begin XCConfigurationList section */
		5739FB9F22C730010078E8DB /* Build configuration list for PBXProject "ExpansionView" */ = {
			isa = XCConfigurationList;
			buildConfigurations = (
				5739FBB822C730040078E8DB /* Debug */,
				5739FBB922C730040078E8DB /* Release */,
			);
			defaultConfigurationIsVisible = 0;
			defaultConfigurationName = Release;
		};
		5739FBBA22C730040078E8DB /* Build configuration list for PBXNativeTarget "ExpansionView" */ = {
			isa = XCConfigurationList;
			buildConfigurations = (
				5739FBBB22C730040078E8DB /* Debug */,
				5739FBBC22C730040078E8DB /* Release */,
			);
			defaultConfigurationIsVisible = 0;
			defaultConfigurationName = Release;
		};
/* End XCConfigurationList section */
	};
	rootObject = 5739FB9C22C730010078E8DB /* Project object */;
}
